// !$*UTF8*$!
{
	archiveVersion = 1;
	classes = {
	};
	objectVersion = 46;
	objects = {

/* Begin PBXBuildFile section */
		435471D819FD94040017230D /* audiometadata.cpp in Sources */ = {isa = PBXBuildFile; fileRef = 435471D719FD94040017230D /* audiometadata.cpp */; };
		435471DB19FD944F0017230D /* audiotaglibiostream.cpp in Sources */ = {isa = PBXBuildFile; fileRef = 435471D919FD944F0017230D /* audiotaglibiostream.cpp */; };
/* End PBXBuildFile section */

/* Begin PBXCopyFilesBuildPhase section */
		435471B919FD92ED0017230D /* CopyFiles */ = {
			isa = PBXCopyFilesBuildPhase;
			buildActionMask = 2147483647;
			dstPath = "include/$(PRODUCT_NAME)";
			dstSubfolderSpec = 16;
			files = (
			);
			runOnlyForDeploymentPostprocessing = 0;
		};
/* End PBXCopyFilesBuildPhase section */

/* Begin PBXFileReference section */
		435471BB19FD92ED0017230D /* libAudio.a */ = {isa = PBXFileReference; explicitFileType = archive.ar; includeInIndex = 0; path = libAudio.a; sourceTree = BUILT_PRODUCTS_DIR; };
		435471D619FD93EC0017230D /* audiometadata.h */ = {isa = PBXFileReference; fileEncoding = 4; lastKnownFileType = sourcecode.c.h; name = audiometadata.h; path = inc/audio/audiometadata.h; sourceTree = "<group>"; };
		435471D719FD94040017230D /* audiometadata.cpp */ = {isa = PBXFileReference; fileEncoding = 4; lastKnownFileType = sourcecode.cpp.cpp; name = audiometadata.cpp; path = src/audiometadata.cpp; sourceTree = "<group>"; };
		435471D919FD944F0017230D /* audiotaglibiostream.cpp */ = {isa = PBXFileReference; fileEncoding = 4; lastKnownFileType = sourcecode.cpp.cpp; name = audiotaglibiostream.cpp; path = src/audiotaglibiostream.cpp; sourceTree = "<group>"; };
		435471DA19FD944F0017230D /* audiotaglibiostream.h */ = {isa = PBXFileReference; fileEncoding = 4; lastKnownFileType = sourcecode.c.h; name = audiotaglibiostream.h; path = src/audiotaglibiostream.h; sourceTree = "<group>"; };
/* End PBXFileReference section */

/* Begin PBXFrameworksBuildPhase section */
		435471B819FD92ED0017230D /* Frameworks */ = {
			isa = PBXFrameworksBuildPhase;
			buildActionMask = 2147483647;
			files = (
			);
			runOnlyForDeploymentPostprocessing = 0;
		};
/* End PBXFrameworksBuildPhase section */

/* Begin PBXGroup section */
		435471B219FD92ED0017230D = {
			isa = PBXGroup;
			children = (
				435471D519FD93CA0017230D /* audio */,
				435471DA19FD944F0017230D /* audiotaglibiostream.h */,
				435471D919FD944F0017230D /* audiotaglibiostream.cpp */,
				435471D719FD94040017230D /* audiometadata.cpp */,
				435471BC19FD92ED0017230D /* Products */,
			);
			sourceTree = "<group>";
		};
		435471BC19FD92ED0017230D /* Products */ = {
			isa = PBXGroup;
			children = (
				435471BB19FD92ED0017230D /* libAudio.a */,
			);
			name = Products;
			sourceTree = "<group>";
		};
		435471D519FD93CA0017230D /* audio */ = {
			isa = PBXGroup;
			children = (
				435471D619FD93EC0017230D /* audiometadata.h */,
			);
			name = audio;
			sourceTree = "<group>";
		};
/* End PBXGroup section */

/* Begin PBXNativeTarget section */
		435471BA19FD92ED0017230D /* Audio */ = {
			isa = PBXNativeTarget;
			buildConfigurationList = 435471CF19FD92ED0017230D /* Build configuration list for PBXNativeTarget "Audio" */;
			buildPhases = (
				435471B719FD92ED0017230D /* Sources */,
				435471B819FD92ED0017230D /* Frameworks */,
				435471B919FD92ED0017230D /* CopyFiles */,
			);
			buildRules = (
			);
			dependencies = (
			);
			name = Audio;
			productName = Audio;
			productReference = 435471BB19FD92ED0017230D /* libAudio.a */;
			productType = "com.apple.product-type.library.static";
		};
/* End PBXNativeTarget section */

/* Begin PBXProject section */
		435471B319FD92ED0017230D /* Project object */ = {
			isa = PBXProject;
			attributes = {
				LastUpgradeCheck = 0800;
				ORGANIZATIONNAME = "Dirk Vanden Boer";
				TargetAttributes = {
					435471BA19FD92ED0017230D = {
						CreatedOnToolsVersion = 6.1;
					};
				};
			};
			buildConfigurationList = 435471B619FD92ED0017230D /* Build configuration list for PBXProject "Audio" */;
			compatibilityVersion = "Xcode 3.2";
			developmentRegion = English;
			hasScannedForEncodings = 0;
			knownRegions = (
				en,
			);
			mainGroup = 435471B219FD92ED0017230D;
			productRefGroup = 435471BC19FD92ED0017230D /* Products */;
			projectDirPath = "";
			projectRoot = "";
			targets = (
				435471BA19FD92ED0017230D /* Audio */,
			);
		};
/* End PBXProject section */

/* Begin PBXSourcesBuildPhase section */
		435471B719FD92ED0017230D /* Sources */ = {
			isa = PBXSourcesBuildPhase;
			buildActionMask = 2147483647;
			files = (
				435471D819FD94040017230D /* audiometadata.cpp in Sources */,
				435471DB19FD944F0017230D /* audiotaglibiostream.cpp in Sources */,
			);
			runOnlyForDeploymentPostprocessing = 0;
		};
/* End PBXSourcesBuildPhase section */

/* Begin XCBuildConfiguration section */
		435471CD19FD92ED0017230D /* Debug */ = {
			isa = XCBuildConfiguration;
			buildSettings = {
				ALWAYS_SEARCH_USER_PATHS = NO;
				CLANG_CXX_LANGUAGE_STANDARD = "c++14";
				CLANG_CXX_LIBRARY = "libc++";
				CLANG_ENABLE_MODULES = YES;
				CLANG_ENABLE_OBJC_ARC = YES;
				CLANG_WARN_BOOL_CONVERSION = YES;
				CLANG_WARN_CONSTANT_CONVERSION = YES;
				CLANG_WARN_DIRECT_OBJC_ISA_USAGE = YES_ERROR;
				CLANG_WARN_EMPTY_BODY = YES;
				CLANG_WARN_ENUM_CONVERSION = YES;
				CLANG_WARN_INFINITE_RECURSION = YES;
				CLANG_WARN_INT_CONVERSION = YES;
				CLANG_WARN_OBJC_ROOT_CLASS = YES_ERROR;
				CLANG_WARN_SUSPICIOUS_MOVE = YES;
				CLANG_WARN_UNREACHABLE_CODE = YES;
				CLANG_WARN__DUPLICATE_METHOD_MATCH = YES;
				COPY_PHASE_STRIP = NO;
				ENABLE_STRICT_OBJC_MSGSEND = YES;
				ENABLE_TESTABILITY = YES;
				GCC_C_LANGUAGE_STANDARD = gnu99;
				GCC_DYNAMIC_NO_PIC = NO;
				GCC_NO_COMMON_BLOCKS = YES;
				GCC_OPTIMIZATION_LEVEL = 0;
				GCC_PREPROCESSOR_DEFINITIONS = (
					"DEBUG=1",
					"$(inherited)",
				);
				GCC_SYMBOLS_PRIVATE_EXTERN = NO;
				GCC_WARN_64_TO_32_BIT_CONVERSION = YES;
				GCC_WARN_ABOUT_RETURN_TYPE = YES_ERROR;
				GCC_WARN_UNDECLARED_SELECTOR = YES;
				GCC_WARN_UNINITIALIZED_AUTOS = YES_AGGRESSIVE;
				GCC_WARN_UNUSED_FUNCTION = YES;
				GCC_WARN_UNUSED_VARIABLE = YES;
				HEADER_SEARCH_PATHS = (
					/opt/ioslibs/include,
					/opt/ioslibs/include/taglib,
				);
				IPHONEOS_DEPLOYMENT_TARGET = 10.0;
				MTL_ENABLE_DEBUG_INFO = YES;
				ONLY_ACTIVE_ARCH = YES;
				SDKROOT = iphoneos;
				USER_HEADER_SEARCH_PATHS = "$(SRCROOT)/../utils/inc $(SRCROOT)/inc $(SRCROOT)/xcode";
			};
			name = Debug;
		};
		435471CE19FD92ED0017230D /* Release */ = {
			isa = XCBuildConfiguration;
			buildSettings = {
				ALWAYS_SEARCH_USER_PATHS = NO;
				CLANG_CXX_LANGUAGE_STANDARD = "c++14";
				CLANG_CXX_LIBRARY = "libc++";
				CLANG_ENABLE_MODULES = YES;
				CLANG_ENABLE_OBJC_ARC = YES;
				CLANG_WARN_BOOL_CONVERSION = YES;
				CLANG_WARN_CONSTANT_CONVERSION = YES;
				CLANG_WARN_DIRECT_OBJC_ISA_USAGE = YES_ERROR;
				CLANG_WARN_EMPTY_BODY = YES;
				CLANG_WARN_ENUM_CONVERSION = YES;
				CLANG_WARN_INFINITE_RECURSION = YES;
				CLANG_WARN_INT_CONVERSION = YES;
				CLANG_WARN_OBJC_ROOT_CLASS = YES_ERROR;
				CLANG_WARN_SUSPICIOUS_MOVE = YES;
				CLANG_WARN_UNREACHABLE_CODE = YES;
				CLANG_WARN__DUPLICATE_METHOD_MATCH = YES;
				COPY_PHASE_STRIP = YES;
				ENABLE_NS_ASSERTIONS = NO;
				ENABLE_STRICT_OBJC_MSGSEND = YES;
				GCC_C_LANGUAGE_STANDARD = gnu99;
				GCC_NO_COMMON_BLOCKS = YES;
				GCC_WARN_64_TO_32_BIT_CONVERSION = YES;
				GCC_WARN_ABOUT_RETURN_TYPE = YES_ERROR;
				GCC_WARN_UNDECLARED_SELECTOR = YES;
				GCC_WARN_UNINITIALIZED_AUTOS = YES_AGGRESSIVE;
				GCC_WARN_UNUSED_FUNCTION = YES;
				GCC_WARN_UNUSED_VARIABLE = YES;
				HEADER_SEARCH_PATHS = (
					/opt/ioslibs/include,
					/opt/ioslibs/include/taglib,
				);
				IPHONEOS_DEPLOYMENT_TARGET = 10.0;
				MTL_ENABLE_DEBUG_INFO = NO;
				SDKROOT = iphoneos;
				USER_HEADER_SEARCH_PATHS = "$(SRCROOT)/../utils/inc $(SRCROOT)/inc $(SRCROOT)/xcode";
				VALIDATE_PRODUCT = YES;
			};
			name = Release;
		};
		435471D019FD92ED0017230D /* Debug */ = {
			isa = XCBuildConfiguration;
			buildSettings = {
				OTHER_LDFLAGS = "-ObjC";
				PRODUCT_NAME = "$(TARGET_NAME)";
				SKIP_INSTALL = YES;
				USER_HEADER_SEARCH_PATHS = "$(SRCROOT)/../utils/inc $(SRCROOT)/inc $(SRCROOT)/xcodeinc";
			};
			name = Debug;
		};
		435471D119FD92ED0017230D /* Release */ = {
			isa = XCBuildConfiguration;
			buildSettings = {
				OTHER_LDFLAGS = "-ObjC";
				PRODUCT_NAME = "$(TARGET_NAME)";
				SKIP_INSTALL = YES;
				USER_HEADER_SEARCH_PATHS = "$(SRCROOT)/../utils/inc $(SRCROOT)/inc $(SRCROOT)/xcodeinc";
			};
			name = Release;
		};
/* End XCBuildConfiguration section */

/* Begin XCConfigurationList section */
		435471B619FD92ED0017230D /* Build configuration list for PBXProject "Audio" */ = {
			isa = XCConfigurationList;
			buildConfigurations = (
				435471CD19FD92ED0017230D /* Debug */,
				435471CE19FD92ED0017230D /* Release */,
			);
			defaultConfigurationIsVisible = 0;
			defaultConfigurationName = Release;
		};
		435471CF19FD92ED0017230D /* Build configuration list for PBXNativeTarget "Audio" */ = {
			isa = XCConfigurationList;
			buildConfigurations = (
				435471D019FD92ED0017230D /* Debug */,
				435471D119FD92ED0017230D /* Release */,
			);
			defaultConfigurationIsVisible = 0;
			defaultConfigurationName = Release;
		};
/* End XCConfigurationList section */
	};
	rootObject = 435471B319FD92ED0017230D /* Project object */;
}
